# This lock file was generated by conda-lock (https://github.com/conda/conda-lock). DO NOT EDIT!
#
# A "lock file" contains a concrete list of package versions (with checksums) to be installed. Unlike
# e.g. `conda env create`, the resulting environment will not change as new package versions become
# available, unless you explicitly update the lock file.
#
# Install this environment as "YOURENV" with:
#     conda-lock install -n YOURENV conda-lock.yml
# To update a single package to the latest version compatible with the version constraints in the source:
#     conda-lock lock  --lockfile conda-lock.yml --update PACKAGE
# To re-solve the entire environment, e.g. after changing a version constraint in the source file:
#     conda-lock -f environment.yml --lockfile conda-lock.yml
version: 1
metadata:
  content_hash:
    linux-64: ed48b8681a96769762bf17dc609452c525e144c9b8fc92c6023ed263e5651dd5
    linux-aarch64: 4304b76a96d7fcdbf20f9b56bdcf0c821548ddf8d3ac7b1baf5a71e94a6ae854
    osx-64: 5fc45c680158fd2bfc9456e3eaeea88be6a3e512e303a6c6eb90edc4a4f132b4
    osx-arm64: a4a0456a0ca24c897973b72735ce060fcc21b1dbb4ee2a9200ee4b524b5fc0f3
    win-64: 6249bb76412099f6f7d978ac296792fe80b91adcd9ff91f28f548085a35fe960
  channels:
  - url: conda-forge
    used_env_vars: []
  platforms:
  - linux-64
  - linux-aarch64
  - osx-64
  - osx-arm64
  - win-64
  sources:
  - environment.yml
package:
- name: _libgcc_mutex
  version: '0.1'
  manager: conda
  platform: linux-64
  dependencies: {}
  url: https://conda.anaconda.org/conda-forge/linux-64/_libgcc_mutex-0.1-conda_forge.tar.bz2
  hash:
    md5: d7c89558ba9fa0495403155b64376d81
    sha256: fe51de6107f9edc7aa4f786a70f4a883943bc9d39b3bb7307c04c41410990726
  category: main
  optional: false
- name: _openmp_mutex
  version: '4.5'
  manager: conda
  platform: linux-64
  dependencies:
    _libgcc_mutex: '0.1'
    libgomp: '>=7.5.0'
  url: https://conda.anaconda.org/conda-forge/linux-64/_openmp_mutex-4.5-2_gnu.tar.bz2
  hash:
    md5: 73aaf86a425cc6e73fcf236a5a46396d
    sha256: fbe2c5e56a653bebb982eda4876a9178aedfc2b545f25d0ce9c4c0b508253d22
  category: main
  optional: false
- name: _openmp_mutex
  version: '4.5'
  manager: conda
  platform: linux-aarch64
  dependencies:
    libgomp: '>=7.5.0'
  url: https://conda.anaconda.org/conda-forge/linux-aarch64/_openmp_mutex-4.5-2_gnu.tar.bz2
  hash:
    md5: 6168d71addc746e8f2b8d57dfd2edcea
    sha256: 3702bef2f0a4d38bd8288bbe54aace623602a1343c2cfbefd3fa188e015bebf0
  category: main
  optional: false
- name: bzip2
  version: 1.0.8
  manager: conda
  platform: linux-64
  dependencies:
    __glibc: '>=2.17,<3.0.a0'
    libgcc-ng: '>=12'
  url: https://conda.anaconda.org/conda-forge/linux-64/bzip2-1.0.8-h4bc722e_7.conda
  hash:
    md5: 62ee74e96c5ebb0af99386de58cf9553
    sha256: 5ced96500d945fb286c9c838e54fa759aa04a7129c59800f0846b4335cee770d
  category: main
  optional: false
- name: bzip2
  version: 1.0.8
  manager: conda
  platform: linux-aarch64
  dependencies:
    libgcc-ng: '>=12'
  url: https://conda.anaconda.org/conda-forge/linux-aarch64/bzip2-1.0.8-h68df207_7.conda
  hash:
    md5: 56398c28220513b9ea13d7b450acfb20
    sha256: 2258b0b33e1cb3a9852d47557984abb6e7ea58e3d7f92706ec1f8e879290c4cb
  category: main
  optional: false
- name: bzip2
  version: 1.0.8
  manager: conda
  platform: osx-64
  dependencies:
    __osx: '>=10.13'
  url: https://conda.anaconda.org/conda-forge/osx-64/bzip2-1.0.8-hfdf4475_7.conda
  hash:
    md5: 7ed4301d437b59045be7e051a0308211
    sha256: cad153608b81fb24fc8c509357daa9ae4e49dfc535b2cb49b91e23dbd68fc3c5
  category: main
  optional: false
- name: bzip2
  version: 1.0.8
  manager: conda
  platform: osx-arm64
  dependencies:
    __osx: '>=11.0'
  url: https://conda.anaconda.org/conda-forge/osx-arm64/bzip2-1.0.8-h99b78c6_7.conda
  hash:
    md5: fc6948412dbbbe9a4c9ddbbcfe0a79ab
    sha256: adfa71f158cbd872a36394c56c3568e6034aa55c623634b37a4836bd036e6b91
  category: main
  optional: false
- name: bzip2
  version: 1.0.8
  manager: conda
  platform: win-64
  dependencies:
    ucrt: '>=10.0.20348.0'
    vc: '>=14.2,<15'
    vc14_runtime: '>=14.29.30139'
  url: https://conda.anaconda.org/conda-forge/win-64/bzip2-1.0.8-h2466b09_7.conda
  hash:
    md5: 276e7ffe9ffe39688abc665ef0f45596
    sha256: 35a5dad92e88fdd7fc405e864ec239486f4f31eec229e31686e61a140a8e573b
  category: main
  optional: false
- name: ca-certificates
  version: 2024.12.14
  manager: conda
  platform: linux-64
  dependencies: {}
  url: https://conda.anaconda.org/conda-forge/linux-64/ca-certificates-2024.12.14-hbcca054_0.conda
  hash:
    md5: 720523eb0d6a9b0f6120c16b2aa4e7de
    sha256: 1afd7274cbc9a334d6d0bc62fa760acc7afdaceb0b91a8df370ec01fd75dc7dd
  category: main
  optional: false
- name: ca-certificates
  version: 2024.12.14
  manager: conda
  platform: linux-aarch64
  dependencies: {}
  url: https://conda.anaconda.org/conda-forge/linux-aarch64/ca-certificates-2024.12.14-hcefe29a_0.conda
  hash:
    md5: 83b4ad1e6dc14df5891f3fcfdeb44351
    sha256: ad7b43211051332a5a4e788bb4619a2d0ecb5be73e0f76be17f733a87d7effd1
  category: main
  optional: false
- name: ca-certificates
  version: 2024.12.14
  manager: conda
  platform: osx-64
  dependencies: {}
  url: https://conda.anaconda.org/conda-forge/osx-64/ca-certificates-2024.12.14-h8857fd0_0.conda
  hash:
    md5: b7b887091c99ed2e74845e75e9128410
    sha256: ddaafdcd1b8ace6ffeea22b6824ca9db8a64cf0a2652a11d7554ece54935fa06
  category: main
  optional: false
- name: ca-certificates
  version: 2024.12.14
  manager: conda
  platform: osx-arm64
  dependencies: {}
  url: https://conda.anaconda.org/conda-forge/osx-arm64/ca-certificates-2024.12.14-hf0a4a13_0.conda
  hash:
    md5: 7cb381a6783d91902638e4ed1ebd478e
    sha256: 256be633fd0882ccc1a7a32bc278547e1703f85082c0789a87a603ee3ab8fb82
  category: main
  optional: false
- name: ca-certificates
  version: 2024.12.14
  manager: conda
  platform: win-64
  dependencies: {}
  url: https://conda.anaconda.org/conda-forge/win-64/ca-certificates-2024.12.14-h56e8100_0.conda
  hash:
    md5: cb2eaeb88549ddb27af533eccf9a45c1
    sha256: 424d82db36cd26234bc4772426170efd60e888c2aed0099a257a95e131683a5e
  category: main
  optional: false
- name: ld_impl_linux-64
  version: '2.43'
  manager: conda
  platform: linux-64
  dependencies:
    __glibc: '>=2.17,<3.0.a0'
  url: https://conda.anaconda.org/conda-forge/linux-64/ld_impl_linux-64-2.43-h712a8e2_2.conda
  hash:
    md5: 048b02e3962f066da18efe3a21b77672
    sha256: 7c91cea91b13f4314d125d1bedb9d03a29ebbd5080ccdea70260363424646dbe
  category: main
  optional: false
- name: ld_impl_linux-aarch64
  version: '2.43'
  manager: conda
  platform: linux-aarch64
  dependencies: {}
  url: https://conda.anaconda.org/conda-forge/linux-aarch64/ld_impl_linux-aarch64-2.43-h80caac9_2.conda
  hash:
    md5: fcbde5ea19d55468953bf588770c0501
    sha256: 80ec7e8f006196808fac5bd4b3773a652847f97bbf08044cd87731424ac64f8b
  category: main
  optional: false
- name: libexpat
  version: 2.6.4
  manager: conda
  platform: linux-64
  dependencies:
    __glibc: '>=2.17,<3.0.a0'
    libgcc: '>=13'
  url: https://conda.anaconda.org/conda-forge/linux-64/libexpat-2.6.4-h5888daf_0.conda
  hash:
    md5: db833e03127376d461e1e13e76f09b6c
    sha256: 56541b98447b58e52d824bd59d6382d609e11de1f8adf20b23143e353d2b8d26
  category: main
  optional: false
- name: libexpat
  version: 2.6.4
  manager: conda
  platform: linux-aarch64
  dependencies:
    libgcc: '>=13'
  url: https://conda.anaconda.org/conda-forge/linux-aarch64/libexpat-2.6.4-h5ad3122_0.conda
  hash:
    md5: f1b3fab36861b3ce945a13f0dfdfc688
    sha256: f42e758009ba9db90d1fe7992bc3e60d0c52f71fb20923375d2c44ae69a5a2b3
  category: main
  optional: false
- name: libexpat
  version: 2.6.4
  manager: conda
  platform: osx-64
  dependencies:
    __osx: '>=10.13'
  url: https://conda.anaconda.org/conda-forge/osx-64/libexpat-2.6.4-h240833e_0.conda
  hash:
    md5: 20307f4049a735a78a29073be1be2626
    sha256: d10f43d0c5df6c8cf55259bce0fe14d2377eed625956cddce06f58827d288c59
  category: main
  optional: false
- name: libexpat
  version: 2.6.4
  manager: conda
  platform: osx-arm64
  dependencies:
    __osx: '>=11.0'
  url: https://conda.anaconda.org/conda-forge/osx-arm64/libexpat-2.6.4-h286801f_0.conda
  hash:
    md5: 38d2656dd914feb0cab8c629370768bf
    sha256: e42ab5ace927ee7c84e3f0f7d813671e1cf3529f5f06ee5899606630498c2745
  category: main
  optional: false
- name: libexpat
  version: 2.6.4
  manager: conda
  platform: win-64
  dependencies:
    ucrt: '>=10.0.20348.0'
    vc: '>=14.2,<15'
    vc14_runtime: '>=14.29.30139'
  url: https://conda.anaconda.org/conda-forge/win-64/libexpat-2.6.4-he0c23c2_0.conda
  hash:
    md5: eb383771c680aa792feb529eaf9df82f
    sha256: 0c0447bf20d1013d5603499de93a16b6faa92d7ead870d96305c0f065b6a5a12
  category: main
  optional: false
- name: libffi
  version: 3.4.2
  manager: conda
  platform: linux-64
  dependencies:
    libgcc-ng: '>=9.4.0'
  url: https://conda.anaconda.org/conda-forge/linux-64/libffi-3.4.2-h7f98852_5.tar.bz2
  hash:
    md5: d645c6d2ac96843a2bfaccd2d62b3ac3
    sha256: ab6e9856c21709b7b517e940ae7028ae0737546122f83c2aa5d692860c3b149e
  category: main
  optional: false
- name: libffi
  version: 3.4.2
  manager: conda
  platform: linux-aarch64
  dependencies:
    libgcc-ng: '>=9.4.0'
  url: https://conda.anaconda.org/conda-forge/linux-aarch64/libffi-3.4.2-h3557bc0_5.tar.bz2
  hash:
    md5: dddd85f4d52121fab0a8b099c5e06501
    sha256: 7e9258a102480757fe3faeb225a3ca04dffd10fecd2a958c65cdb4cdf75f2c3c
  category: main
  optional: false
- name: libffi
  version: 3.4.2
  manager: conda
  platform: osx-64
  dependencies: {}
  url: https://conda.anaconda.org/conda-forge/osx-64/libffi-3.4.2-h0d85af4_5.tar.bz2
  hash:
    md5: ccb34fb14960ad8b125962d3d79b31a9
    sha256: 7a2d27a936ceee6942ea4d397f9c7d136f12549d86f7617e8b6bad51e01a941f
  category: main
  optional: false
- name: libffi
  version: 3.4.2
  manager: conda
  platform: osx-arm64
  dependencies: {}
  url: https://conda.anaconda.org/conda-forge/osx-arm64/libffi-3.4.2-h3422bc3_5.tar.bz2
  hash:
    md5: 086914b672be056eb70fd4285b6783b6
    sha256: 41b3d13efb775e340e4dba549ab5c029611ea6918703096b2eaa9c015c0750ca
  category: main
  optional: false
- name: libffi
  version: 3.4.2
  manager: conda
  platform: win-64
  dependencies:
    vc: '>=14.1,<15.0a0'
    vs2015_runtime: '>=14.16.27012'
  url: https://conda.anaconda.org/conda-forge/win-64/libffi-3.4.2-h8ffe710_5.tar.bz2
  hash:
    md5: 2c96d1b6915b408893f9472569dee135
    sha256: 1951ab740f80660e9bc07d2ed3aefb874d78c107264fd810f24a1a6211d4b1a5
  category: main
  optional: false
- name: libgcc
  version: 14.2.0
  manager: conda
  platform: linux-64
  dependencies:
    _libgcc_mutex: '0.1'
    _openmp_mutex: '>=4.5'
  url: https://conda.anaconda.org/conda-forge/linux-64/libgcc-14.2.0-h77fa898_1.conda
  hash:
    md5: 3cb76c3f10d3bc7f1105b2fc9db984df
    sha256: 53eb8a79365e58849e7b1a068d31f4f9e718dc938d6f2c03e960345739a03569
  category: main
  optional: false
- name: libgcc
  version: 14.2.0
  manager: conda
  platform: linux-aarch64
  dependencies:
    _openmp_mutex: '>=4.5'
  url: https://conda.anaconda.org/conda-forge/linux-aarch64/libgcc-14.2.0-he277a41_1.conda
  hash:
    md5: 511b511c5445e324066c3377481bcab8
    sha256: 5d56757ccad208c79214395b00d006d8d18929a4ba49c47bd9460789a7620943
  category: main
  optional: false
- name: libgcc-ng
  version: 14.2.0
  manager: conda
  platform: linux-64
  dependencies:
    libgcc: 14.2.0
  url: https://conda.anaconda.org/conda-forge/linux-64/libgcc-ng-14.2.0-h69a702a_1.conda
  hash:
    md5: e39480b9ca41323497b05492a63bc35b
    sha256: 3a76969c80e9af8b6e7a55090088bc41da4cffcde9e2c71b17f44d37b7cb87f7
  category: main
  optional: false
- name: libgcc-ng
  version: 14.2.0
  manager: conda
  platform: linux-aarch64
  dependencies:
    libgcc: 14.2.0
  url: https://conda.anaconda.org/conda-forge/linux-aarch64/libgcc-ng-14.2.0-he9431aa_1.conda
  hash:
    md5: 0694c249c61469f2c0f7e2990782af21
    sha256: 9b5cf168a6c7361cae869cb74b716766ee7c6d6b3f6172b32ba9bf91135efdc4
  category: main
  optional: false
- name: libgomp
  version: 14.2.0
  manager: conda
  platform: linux-64
  dependencies:
    _libgcc_mutex: '0.1'
  url: https://conda.anaconda.org/conda-forge/linux-64/libgomp-14.2.0-h77fa898_1.conda
  hash:
    md5: cc3573974587f12dda90d96e3e55a702
    sha256: 1911c29975ec99b6b906904040c855772ccb265a1c79d5d75c8ceec4ed89cd63
  category: main
  optional: false
- name: libgomp
  version: 14.2.0
  manager: conda
  platform: linux-aarch64
  dependencies: {}
  url: https://conda.anaconda.org/conda-forge/linux-aarch64/libgomp-14.2.0-he277a41_1.conda
  hash:
    md5: 376f0e73abbda6d23c0cb749adc195ef
    sha256: 5aa53874a5e57a00f2e0c2e2910684eb674429cd5fcb803619b226a73e89aedf
  category: main
  optional: false
- name: liblzma
  version: 5.6.3
  manager: conda
  platform: linux-64
  dependencies:
    __glibc: '>=2.17,<3.0.a0'
    libgcc: '>=13'
  url: https://conda.anaconda.org/conda-forge/linux-64/liblzma-5.6.3-hb9d3cd8_1.conda
  hash:
    md5: 2ecf2f1c7e4e21fcfe6423a51a992d84
    sha256: e6e425252f3839e2756e4af1ea2074dffd3396c161bf460629f9dfd6a65f15c6
  category: main
  optional: false
- name: liblzma
  version: 5.6.3
  manager: conda
  platform: linux-aarch64
  dependencies:
    libgcc: '>=13'
  url: https://conda.anaconda.org/conda-forge/linux-aarch64/liblzma-5.6.3-h86ecc28_1.conda
  hash:
    md5: eb08b903681f9f2432c320e8ed626723
    sha256: d1cce0b7d62d1e54e2164d3e0667ee808efc6c3870256e5b47a150cd0bf46824
  category: main
  optional: false
- name: liblzma
  version: 5.6.3
  manager: conda
  platform: osx-64
  dependencies:
    __osx: '>=10.13'
  url: https://conda.anaconda.org/conda-forge/osx-64/liblzma-5.6.3-hd471939_1.conda
  hash:
    md5: f9e9205fed9c664421c1c09f0b90ce6d
    sha256: c70639ff3cb034a8e31cb081c907879b6a639bb12b0e090069a68eb69125b10e
  category: main
  optional: false
- name: liblzma
  version: 5.6.3
  manager: conda
  platform: osx-arm64
  dependencies:
    __osx: '>=11.0'
  url: https://conda.anaconda.org/conda-forge/osx-arm64/liblzma-5.6.3-h39f12f2_1.conda
  hash:
    md5: b2553114a7f5e20ccd02378a77d836aa
    sha256: d863b8257406918ffdc50ae65502f2b2d6cede29404d09a094f59509d6a0aaf1
  category: main
  optional: false
- name: liblzma
  version: 5.6.3
  manager: conda
  platform: win-64
  dependencies:
    ucrt: '>=10.0.20348.0'
    vc: '>=14.2,<15'
    vc14_runtime: '>=14.29.30139'
  url: https://conda.anaconda.org/conda-forge/win-64/liblzma-5.6.3-h2466b09_1.conda
  hash:
    md5: 015b9c0bd1eef60729ab577a38aaf0b5
    sha256: 24d04bd55adfa44c421c99ce169df38cb1ad2bba5f43151bc847fc802496a1fa
  category: main
  optional: false
- name: libnsl
  version: 2.0.1
  manager: conda
  platform: linux-64
  dependencies:
    libgcc-ng: '>=12'
  url: https://conda.anaconda.org/conda-forge/linux-64/libnsl-2.0.1-hd590300_0.conda
  hash:
    md5: 30fd6e37fe21f86f4bd26d6ee73eeec7
    sha256: 26d77a3bb4dceeedc2a41bd688564fe71bf2d149fdcf117049970bc02ff1add6
  category: main
  optional: false
- name: libnsl
  version: 2.0.1
  manager: conda
  platform: linux-aarch64
  dependencies:
    libgcc-ng: '>=12'
  url: https://conda.anaconda.org/conda-forge/linux-aarch64/libnsl-2.0.1-h31becfc_0.conda
  hash:
    md5: c14f32510f694e3185704d89967ec422
    sha256: fd18c2b75d7411096428d36a70b36b1a17e31f7b8956b6905d145792d49e97f8
  category: main
  optional: false
- name: libsqlite
  version: 3.47.2
  manager: conda
  platform: linux-64
  dependencies:
    __glibc: '>=2.17,<3.0.a0'
    libgcc: '>=13'
    libzlib: '>=1.3.1,<2.0a0'
  url: https://conda.anaconda.org/conda-forge/linux-64/libsqlite-3.47.2-hee588c1_0.conda
  hash:
    md5: b58da17db24b6e08bcbf8fed2fb8c915
    sha256: 48af21ebc2cbf358976f1e0f4a0ab9e91dfc83d0ef337cf3837c6f5bc22fb352
  category: main
  optional: false
- name: libsqlite
  version: 3.47.2
  manager: conda
  platform: linux-aarch64
  dependencies:
    libgcc: '>=13'
    libzlib: '>=1.3.1,<2.0a0'
  url: https://conda.anaconda.org/conda-forge/linux-aarch64/libsqlite-3.47.2-h5eb1b54_0.conda
  hash:
    md5: d4bf59f8783a4a66c0aec568f6de3ff4
    sha256: 885a27fa84a5a73ed9779168c02b6c386e2fc7a53f0566b32a09ceca146b42b4
  category: main
  optional: false
- name: libsqlite
  version: 3.47.2
  manager: conda
  platform: osx-64
  dependencies:
    __osx: '>=10.13'
    libzlib: '>=1.3.1,<2.0a0'
  url: https://conda.anaconda.org/conda-forge/osx-64/libsqlite-3.47.2-hdb6dae5_0.conda
  hash:
    md5: 44d9799fda97eb34f6d88ac1e3eb0ea6
    sha256: 4d5e188d921f93c97ce172fc8c4341e8171670ec98d76f9961f65f6306fcda77
  category: main
  optional: false
- name: libsqlite
  version: 3.47.2
  manager: conda
  platform: osx-arm64
  dependencies:
    __osx: '>=11.0'
    libzlib: '>=1.3.1,<2.0a0'
  url: https://conda.anaconda.org/conda-forge/osx-arm64/libsqlite-3.47.2-h3f77e49_0.conda
  hash:
    md5: 122d6f29470f1a991e85608e77e56a8a
    sha256: f192f3c8973de9ec4c214990715f13b781965247a5cedf9162e7f9e699cfc3c4
  category: main
  optional: false
- name: libsqlite
  version: 3.47.2
  manager: conda
  platform: win-64
  dependencies:
    ucrt: '>=10.0.20348.0'
    vc: '>=14.2,<15'
    vc14_runtime: '>=14.29.30139'
  url: https://conda.anaconda.org/conda-forge/win-64/libsqlite-3.47.2-h67fdade_0.conda
  hash:
    md5: ff00095330e0d35a16bd3bdbd1a2d3e7
    sha256: ecfc0182c3b2e63c870581be1fa0e4dbdfec70d2011cb4f5bde416ece26c41df
  category: main
  optional: false
- name: libuuid
  version: 2.38.1
  manager: conda
  platform: linux-64
  dependencies:
    libgcc-ng: '>=12'
  url: https://conda.anaconda.org/conda-forge/linux-64/libuuid-2.38.1-h0b41bf4_0.conda
  hash:
    md5: 40b61aab5c7ba9ff276c41cfffe6b80b
    sha256: 787eb542f055a2b3de553614b25f09eefb0a0931b0c87dbcce6efdfd92f04f18
  category: main
  optional: false
- name: libuuid
  version: 2.38.1
  manager: conda
  platform: linux-aarch64
  dependencies:
    libgcc-ng: '>=12'
  url: https://conda.anaconda.org/conda-forge/linux-aarch64/libuuid-2.38.1-hb4cce97_0.conda
  hash:
    md5: 000e30b09db0b7c775b21695dff30969
    sha256: 616277b0c5f7616c2cdf36f6c316ea3f9aa5bb35f2d4476a349ab58b9b91675f
  category: main
  optional: false
- name: libxcrypt
  version: 4.4.36
  manager: conda
  platform: linux-64
  dependencies:
    libgcc-ng: '>=12'
  url: https://conda.anaconda.org/conda-forge/linux-64/libxcrypt-4.4.36-hd590300_1.conda
  hash:
    md5: 5aa797f8787fe7a17d1b0821485b5adc
    sha256: 6ae68e0b86423ef188196fff6207ed0c8195dd84273cb5623b85aa08033a410c
  category: main
  optional: false
- name: libxcrypt
  version: 4.4.36
  manager: conda
  platform: linux-aarch64
  dependencies:
    libgcc-ng: '>=12'
  url: https://conda.anaconda.org/conda-forge/linux-aarch64/libxcrypt-4.4.36-h31becfc_1.conda
  hash:
    md5: b4df5d7d4b63579d081fd3a4cf99740e
    sha256: 6b46c397644091b8a26a3048636d10b989b1bf266d4be5e9474bf763f828f41f
  category: main
  optional: false
- name: libzlib
  version: 1.3.1
  manager: conda
  platform: linux-64
  dependencies:
    __glibc: '>=2.17,<3.0.a0'
    libgcc: '>=13'
  url: https://conda.anaconda.org/conda-forge/linux-64/libzlib-1.3.1-hb9d3cd8_2.conda
  hash:
    md5: edb0dca6bc32e4f4789199455a1dbeb8
    sha256: d4bfe88d7cb447768e31650f06257995601f89076080e76df55e3112d4e47dc4
  category: main
  optional: false
- name: libzlib
  version: 1.3.1
  manager: conda
  platform: linux-aarch64
  dependencies:
    libgcc: '>=13'
  url: https://conda.anaconda.org/conda-forge/linux-aarch64/libzlib-1.3.1-h86ecc28_2.conda
  hash:
    md5: 08aad7cbe9f5a6b460d0976076b6ae64
    sha256: 5a2c1eeef69342e88a98d1d95bff1603727ab1ff4ee0e421522acd8813439b84
  category: main
  optional: false
- name: libzlib
  version: 1.3.1
  manager: conda
  platform: osx-64
  dependencies:
    __osx: '>=10.13'
  url: https://conda.anaconda.org/conda-forge/osx-64/libzlib-1.3.1-hd23fc13_2.conda
  hash:
    md5: 003a54a4e32b02f7355b50a837e699da
    sha256: 8412f96504fc5993a63edf1e211d042a1fd5b1d51dedec755d2058948fcced09
  category: main
  optional: false
- name: libzlib
  version: 1.3.1
  manager: conda
  platform: osx-arm64
  dependencies:
    __osx: '>=11.0'
  url: https://conda.anaconda.org/conda-forge/osx-arm64/libzlib-1.3.1-h8359307_2.conda
  hash:
    md5: 369964e85dc26bfe78f41399b366c435
    sha256: ce34669eadaba351cd54910743e6a2261b67009624dbc7daeeafdef93616711b
  category: main
  optional: false
- name: libzlib
  version: 1.3.1
  manager: conda
  platform: win-64
  dependencies:
    ucrt: '>=10.0.20348.0'
    vc: '>=14.2,<15'
    vc14_runtime: '>=14.29.30139'
  url: https://conda.anaconda.org/conda-forge/win-64/libzlib-1.3.1-h2466b09_2.conda
  hash:
    md5: 41fbfac52c601159df6c01f875de31b9
    sha256: ba945c6493449bed0e6e29883c4943817f7c79cbff52b83360f7b341277c6402
  category: main
  optional: false
- name: ncurses
  version: '6.5'
  manager: conda
  platform: linux-64
  dependencies:
    __glibc: '>=2.17,<3.0.a0'
    libgcc: '>=13'
  url: https://conda.anaconda.org/conda-forge/linux-64/ncurses-6.5-h2d0b736_2.conda
  hash:
    md5: 04b34b9a40cdc48cfdab261ab176ff74
    sha256: 17fe6afd8a00446010220d52256bd222b1e4fcb93bd587e7784b03219f3dc358
  category: main
  optional: false
- name: ncurses
  version: '6.5'
  manager: conda
  platform: linux-aarch64
  dependencies:
    libgcc: '>=13'
  url: https://conda.anaconda.org/conda-forge/linux-aarch64/ncurses-6.5-ha32ae93_2.conda
  hash:
    md5: 779046fb585c71373e8a051be06c6011
    sha256: 9fd726174dde993c560dd6fa1a383e61d546d380e98e0b0348d22512e5d86e24
  category: main
  optional: false
- name: ncurses
  version: '6.5'
  manager: conda
  platform: osx-64
  dependencies:
    __osx: '>=10.13'
  url: https://conda.anaconda.org/conda-forge/osx-64/ncurses-6.5-h0622a9a_2.conda
  hash:
    md5: 7eb0c4be5e4287a3d6bfef015669a545
    sha256: 507456591054ff83a0179c6b3804dbf6ea7874ac07b68bdf6ab5f23f2065e067
  category: main
  optional: false
- name: ncurses
  version: '6.5'
  manager: conda
  platform: osx-arm64
  dependencies:
    __osx: '>=11.0'
  url: https://conda.anaconda.org/conda-forge/osx-arm64/ncurses-6.5-h5e97a16_2.conda
  hash:
    md5: f6f7c5b7d0983be186c46c4f6f8f9af8
    sha256: b45c73348ec9841d5c893acc2e97adff24127548fe8c786109d03c41ed564e91
  category: main
  optional: false
- name: openssl
  version: 3.4.0
  manager: conda
  platform: linux-64
  dependencies:
    __glibc: '>=2.17,<3.0.a0'
    ca-certificates: ''
    libgcc: '>=13'
  url: https://conda.anaconda.org/conda-forge/linux-64/openssl-3.4.0-h7b32b05_1.conda
  hash:
    md5: 4ce6875f75469b2757a65e10a5d05e31
    sha256: f62f6bca4a33ca5109b6d571b052a394d836956d21b25b7ffd03376abf7a481f
  category: main
  optional: false
- name: openssl
  version: 3.4.0
  manager: conda
  platform: linux-aarch64
  dependencies:
    ca-certificates: ''
    libgcc: '>=13'
  url: https://conda.anaconda.org/conda-forge/linux-aarch64/openssl-3.4.0-hd08dc88_1.conda
  hash:
    md5: e21c4767e783a58c373fdb99de6211bf
    sha256: 60d34454b861501d7355f25a7b39fdb5de8d56fca49b5bcbe8b8142b7d82dce4
  category: main
  optional: false
- name: openssl
  version: 3.4.0
  manager: conda
  platform: osx-64
  dependencies:
    __osx: '>=10.13'
    ca-certificates: ''
  url: https://conda.anaconda.org/conda-forge/osx-64/openssl-3.4.0-hc426f3f_1.conda
  hash:
    md5: eaae23dbfc9ec84775097898526c72ea
    sha256: 879a960d586cf8a64131ac0c060ef575cfb8aa9f6813093cba92042a86ee867c
  category: main
  optional: false
- name: openssl
  version: 3.4.0
  manager: conda
  platform: osx-arm64
  dependencies:
    __osx: '>=11.0'
    ca-certificates: ''
  url: https://conda.anaconda.org/conda-forge/osx-arm64/openssl-3.4.0-h81ee809_1.conda
  hash:
    md5: 22f971393637480bda8c679f374d8861
    sha256: 97772762abc70b3a537683ca9fc3ff3d6099eb64e4aba3b9c99e6fce48422d21
  category: main
  optional: false
- name: openssl
  version: 3.4.0
  manager: conda
  platform: win-64
  dependencies:
    ca-certificates: ''
    ucrt: '>=10.0.20348.0'
    vc: '>=14.2,<15'
    vc14_runtime: '>=14.29.30139'
  url: https://conda.anaconda.org/conda-forge/win-64/openssl-3.4.0-ha4e3fda_1.conda
  hash:
    md5: fb45308ba8bfe1abf1f4a27bad24a743
    sha256: 519a06eaab7c878fbebb8cab98ea4a4465eafb1e9ed8c6ce67226068a80a92f0
  category: main
  optional: false
- name: pip
  version: 24.3.1
  manager: conda
  platform: linux-64
  dependencies:
    python: '>=3.9,<3.13.0a0'
    setuptools: ''
    wheel: ''
  url: https://conda.anaconda.org/conda-forge/noarch/pip-24.3.1-pyh8b19718_2.conda
  hash:
    md5: 04e691b9fadd93a8a9fad87a81d4fd8f
    sha256: da8c8888de10c1e4234ebcaa1550ac2b4b5408ac20f093fe641e4bc8c9c9f3eb
  category: main
  optional: false
- name: pip
  version: 24.3.1
  manager: conda
  platform: linux-aarch64
  dependencies:
    setuptools: ''
    wheel: ''
    python: '>=3.9,<3.13.0a0'
  url: https://conda.anaconda.org/conda-forge/noarch/pip-24.3.1-pyh8b19718_2.conda
  hash:
    md5: 04e691b9fadd93a8a9fad87a81d4fd8f
    sha256: da8c8888de10c1e4234ebcaa1550ac2b4b5408ac20f093fe641e4bc8c9c9f3eb
  category: main
  optional: false
- name: pip
  version: 24.3.1
  manager: conda
  platform: osx-64
  dependencies:
    setuptools: ''
    wheel: ''
    python: '>=3.9,<3.13.0a0'
  url: https://conda.anaconda.org/conda-forge/noarch/pip-24.3.1-pyh8b19718_2.conda
  hash:
    md5: 04e691b9fadd93a8a9fad87a81d4fd8f
    sha256: da8c8888de10c1e4234ebcaa1550ac2b4b5408ac20f093fe641e4bc8c9c9f3eb
  category: main
  optional: false
- name: pip
  version: 24.3.1
  manager: conda
  platform: osx-arm64
  dependencies:
    setuptools: ''
    wheel: ''
    python: '>=3.9,<3.13.0a0'
  url: https://conda.anaconda.org/conda-forge/noarch/pip-24.3.1-pyh8b19718_2.conda
  hash:
    md5: 04e691b9fadd93a8a9fad87a81d4fd8f
    sha256: da8c8888de10c1e4234ebcaa1550ac2b4b5408ac20f093fe641e4bc8c9c9f3eb
  category: main
  optional: false
- name: pip
  version: 24.3.1
  manager: conda
  platform: win-64
  dependencies:
    setuptools: ''
    wheel: ''
    python: '>=3.9,<3.13.0a0'
  url: https://conda.anaconda.org/conda-forge/noarch/pip-24.3.1-pyh8b19718_2.conda
  hash:
    md5: 04e691b9fadd93a8a9fad87a81d4fd8f
    sha256: da8c8888de10c1e4234ebcaa1550ac2b4b5408ac20f093fe641e4bc8c9c9f3eb
  category: main
  optional: false
- name: python
  version: 3.11.11
  manager: conda
  platform: linux-64
  dependencies:
    __glibc: '>=2.17,<3.0.a0'
    bzip2: '>=1.0.8,<2.0a0'
    ld_impl_linux-64: '>=2.36.1'
    libexpat: '>=2.6.4,<3.0a0'
    libffi: '>=3.4,<4.0a0'
    libgcc: '>=13'
    liblzma: '>=5.6.3,<6.0a0'
    libnsl: '>=2.0.1,<2.1.0a0'
    libsqlite: '>=3.47.0,<4.0a0'
    libuuid: '>=2.38.1,<3.0a0'
    libxcrypt: '>=4.4.36'
    libzlib: '>=1.3.1,<2.0a0'
    ncurses: '>=6.5,<7.0a0'
    openssl: '>=3.4.0,<4.0a0'
    readline: '>=8.2,<9.0a0'
    tk: '>=8.6.13,<8.7.0a0'
    tzdata: ''
  url: https://conda.anaconda.org/conda-forge/linux-64/python-3.11.11-h9e4cc4f_1_cpython.conda
  hash:
    md5: 8387070aa413ce9a8cc35a509fae938b
    sha256: b29ce0836fce55bdff8d5c5b71c4921a23f87d3b950aea89a9e75784120b06b0
  category: main
  optional: false
- name: python
  version: 3.11.11
  manager: conda
  platform: linux-aarch64
  dependencies:
    bzip2: '>=1.0.8,<2.0a0'
    ld_impl_linux-aarch64: '>=2.36.1'
    libexpat: '>=2.6.4,<3.0a0'
    libffi: '>=3.4,<4.0a0'
    libgcc: '>=13'
    liblzma: '>=5.6.3,<6.0a0'
    libnsl: '>=2.0.1,<2.1.0a0'
    libsqlite: '>=3.47.0,<4.0a0'
    libuuid: '>=2.38.1,<3.0a0'
    libxcrypt: '>=4.4.36'
    libzlib: '>=1.3.1,<2.0a0'
    ncurses: '>=6.5,<7.0a0'
    openssl: '>=3.4.0,<4.0a0'
    readline: '>=8.2,<9.0a0'
    tk: '>=8.6.13,<8.7.0a0'
    tzdata: ''
  url: https://conda.anaconda.org/conda-forge/linux-aarch64/python-3.11.11-h1683364_1_cpython.conda
  hash:
    md5: 7e8786cbe7b83e7011e681a4780c9b7f
    sha256: b39a2253510b26213093cb29e27722cb33782aec213c020dfd17cd74d58f68e7
  category: main
  optional: false
- name: python
  version: 3.11.11
  manager: conda
  platform: osx-64
  dependencies:
    __osx: '>=10.13'
    bzip2: '>=1.0.8,<2.0a0'
    libexpat: '>=2.6.4,<3.0a0'
    libffi: '>=3.4,<4.0a0'
    liblzma: '>=5.6.3,<6.0a0'
    libsqlite: '>=3.47.0,<4.0a0'
    libzlib: '>=1.3.1,<2.0a0'
    ncurses: '>=6.5,<7.0a0'
    openssl: '>=3.4.0,<4.0a0'
    readline: '>=8.2,<9.0a0'
    tk: '>=8.6.13,<8.7.0a0'
    tzdata: ''
  url: https://conda.anaconda.org/conda-forge/osx-64/python-3.11.11-h9ccd52b_1_cpython.conda
  hash:
    md5: 9b20fb7c571405d29f33ae2fc5990d8d
    sha256: 4c53c4c48a0f42577ae405553ab899b3ef5ee23b2a1bf4fbbc694c46f884f6fc
  category: main
  optional: false
- name: python
  version: 3.11.11
  manager: conda
  platform: osx-arm64
  dependencies:
    __osx: '>=11.0'
    bzip2: '>=1.0.8,<2.0a0'
    libexpat: '>=2.6.4,<3.0a0'
    libffi: '>=3.4,<4.0a0'
    liblzma: '>=5.6.3,<6.0a0'
    libsqlite: '>=3.47.0,<4.0a0'
    libzlib: '>=1.3.1,<2.0a0'
    ncurses: '>=6.5,<7.0a0'
    openssl: '>=3.4.0,<4.0a0'
    readline: '>=8.2,<9.0a0'
    tk: '>=8.6.13,<8.7.0a0'
    tzdata: ''
  url: https://conda.anaconda.org/conda-forge/osx-arm64/python-3.11.11-hc22306f_1_cpython.conda
  hash:
    md5: 8d81dcd0be5bdcdd98e0f2482bf63784
    sha256: 94e198f6a5affa1431401fca7e3b27fda68c59f5ee726083288bff1f6bed8c7f
  category: main
  optional: false
- name: python
  version: 3.11.11
  manager: conda
  platform: win-64
  dependencies:
    bzip2: '>=1.0.8,<2.0a0'
    libexpat: '>=2.6.4,<3.0a0'
    libffi: '>=3.4,<4.0a0'
    liblzma: '>=5.6.3,<6.0a0'
    libsqlite: '>=3.47.0,<4.0a0'
    libzlib: '>=1.3.1,<2.0a0'
    openssl: '>=3.4.0,<4.0a0'
    tk: '>=8.6.13,<8.7.0a0'
    tzdata: ''
    ucrt: '>=10.0.20348.0'
    vc: '>=14.2,<15'
    vc14_runtime: '>=14.29.30139'
  url: https://conda.anaconda.org/conda-forge/win-64/python-3.11.11-h3f84c4b_1_cpython.conda
  hash:
    md5: 4d490a426481298bdd89a502253a7fd4
    sha256: 5be6181ab6d655ad761490b7808584c5e78e5d7139846685b1850a8b7ef6c5df
  category: main
  optional: false
- name: readline
  version: '8.2'
  manager: conda
  platform: linux-64
  dependencies:
    libgcc-ng: '>=12'
    ncurses: '>=6.3,<7.0a0'
  url: https://conda.anaconda.org/conda-forge/linux-64/readline-8.2-h8228510_1.conda
  hash:
    md5: 47d31b792659ce70f470b5c82fdfb7a4
    sha256: 5435cf39d039387fbdc977b0a762357ea909a7694d9528ab40f005e9208744d7
  category: main
  optional: false
- name: readline
  version: '8.2'
  manager: conda
  platform: linux-aarch64
  dependencies:
    libgcc-ng: '>=12'
    ncurses: '>=6.3,<7.0a0'
  url: https://conda.anaconda.org/conda-forge/linux-aarch64/readline-8.2-h8fc344f_1.conda
  hash:
    md5: 105eb1e16bf83bfb2eb380a48032b655
    sha256: 4c99f7417419734e3797d45bc355e61c26520e111893b0d7087a01a7fbfbe3dd
  category: main
  optional: false
- name: readline
  version: '8.2'
  manager: conda
  platform: osx-64
  dependencies:
    ncurses: '>=6.3,<7.0a0'
  url: https://conda.anaconda.org/conda-forge/osx-64/readline-8.2-h9e318b2_1.conda
  hash:
    md5: f17f77f2acf4d344734bda76829ce14e
    sha256: 41e7d30a097d9b060037f0c6a2b1d4c4ae7e942c06c943d23f9d481548478568
  category: main
  optional: false
- name: readline
  version: '8.2'
  manager: conda
  platform: osx-arm64
  dependencies:
    ncurses: '>=6.3,<7.0a0'
  url: https://conda.anaconda.org/conda-forge/osx-arm64/readline-8.2-h92ec313_1.conda
  hash:
    md5: 8cbb776a2f641b943d413b3e19df71f4
    sha256: a1dfa679ac3f6007362386576a704ad2d0d7a02e98f5d0b115f207a2da63e884
  category: main
  optional: false
- name: setuptools
  version: 75.8.0
  manager: conda
  platform: linux-64
  dependencies:
    python: '>=3.9'
  url: https://conda.anaconda.org/conda-forge/noarch/setuptools-75.8.0-pyhff2d567_0.conda
  hash:
    md5: 8f28e299c11afdd79e0ec1e279dcdc52
    sha256: e0778e4f276e9a81b51c56f51ec22a27b4d8fc955abc0be77ad09ca9bea06bb9
  category: main
  optional: false
- name: setuptools
  version: 75.8.0
  manager: conda
  platform: linux-aarch64
  dependencies:
    python: '>=3.9'
  url: https://conda.anaconda.org/conda-forge/noarch/setuptools-75.8.0-pyhff2d567_0.conda
  hash:
    md5: 8f28e299c11afdd79e0ec1e279dcdc52
    sha256: e0778e4f276e9a81b51c56f51ec22a27b4d8fc955abc0be77ad09ca9bea06bb9
  category: main
  optional: false
- name: setuptools
  version: 75.8.0
  manager: conda
  platform: osx-64
  dependencies:
    python: '>=3.9'
  url: https://conda.anaconda.org/conda-forge/noarch/setuptools-75.8.0-pyhff2d567_0.conda
  hash:
    md5: 8f28e299c11afdd79e0ec1e279dcdc52
    sha256: e0778e4f276e9a81b51c56f51ec22a27b4d8fc955abc0be77ad09ca9bea06bb9
  category: main
  optional: false
- name: setuptools
  version: 75.8.0
  manager: conda
  platform: osx-arm64
  dependencies:
    python: '>=3.9'
  url: https://conda.anaconda.org/conda-forge/noarch/setuptools-75.8.0-pyhff2d567_0.conda
  hash:
    md5: 8f28e299c11afdd79e0ec1e279dcdc52
    sha256: e0778e4f276e9a81b51c56f51ec22a27b4d8fc955abc0be77ad09ca9bea06bb9
  category: main
  optional: false
- name: setuptools
  version: 75.8.0
  manager: conda
  platform: win-64
  dependencies:
    python: '>=3.9'
  url: https://conda.anaconda.org/conda-forge/noarch/setuptools-75.8.0-pyhff2d567_0.conda
  hash:
    md5: 8f28e299c11afdd79e0ec1e279dcdc52
    sha256: e0778e4f276e9a81b51c56f51ec22a27b4d8fc955abc0be77ad09ca9bea06bb9
  category: main
  optional: false
- name: tk
  version: 8.6.13
  manager: conda
  platform: linux-64
  dependencies:
    libgcc-ng: '>=12'
    libzlib: '>=1.2.13,<2.0.0a0'
  url: https://conda.anaconda.org/conda-forge/linux-64/tk-8.6.13-noxft_h4845f30_101.conda
  hash:
    md5: d453b98d9c83e71da0741bb0ff4d76bc
    sha256: e0569c9caa68bf476bead1bed3d79650bb080b532c64a4af7d8ca286c08dea4e
  category: main
  optional: false
- name: tk
  version: 8.6.13
  manager: conda
  platform: linux-aarch64
  dependencies:
    libgcc-ng: '>=12'
    libzlib: '>=1.2.13,<2.0.0a0'
  url: https://conda.anaconda.org/conda-forge/linux-aarch64/tk-8.6.13-h194ca79_0.conda
  hash:
    md5: f75105e0585851f818e0009dd1dde4dc
    sha256: 7fa27cc512d3a783f38bd16bbbffc008807372499d5b65d089a8e43bde9db267
  category: main
  optional: false
- name: tk
  version: 8.6.13
  manager: conda
  platform: osx-64
  dependencies:
    libzlib: '>=1.2.13,<2.0.0a0'
  url: https://conda.anaconda.org/conda-forge/osx-64/tk-8.6.13-h1abcd95_1.conda
  hash:
    md5: bf830ba5afc507c6232d4ef0fb1a882d
    sha256: 30412b2e9de4ff82d8c2a7e5d06a15f4f4fef1809a72138b6ccb53a33b26faf5
  category: main
  optional: false
- name: tk
  version: 8.6.13
  manager: conda
  platform: osx-arm64
  dependencies:
    libzlib: '>=1.2.13,<2.0.0a0'
  url: https://conda.anaconda.org/conda-forge/osx-arm64/tk-8.6.13-h5083fa2_1.conda
  hash:
    md5: b50a57ba89c32b62428b71a875291c9b
    sha256: 72457ad031b4c048e5891f3f6cb27a53cb479db68a52d965f796910e71a403a8
  category: main
  optional: false
- name: tk
  version: 8.6.13
  manager: conda
  platform: win-64
  dependencies:
    ucrt: '>=10.0.20348.0'
    vc: '>=14.2,<15'
    vc14_runtime: '>=14.29.30139'
  url: https://conda.anaconda.org/conda-forge/win-64/tk-8.6.13-h5226925_1.conda
  hash:
    md5: fc048363eb8f03cd1737600a5d08aafe
    sha256: 2c4e914f521ccb2718946645108c9bd3fc3216ba69aea20c2c3cedbd8db32bb1
  category: main
  optional: false
- name: tzdata
  version: 2024b
  manager: conda
  platform: linux-64
  dependencies: {}
  url: https://conda.anaconda.org/conda-forge/noarch/tzdata-2024b-hc8b5060_0.conda
  hash:
    md5: 8ac3367aafb1cc0a068483c580af8015
    sha256: 4fde5c3008bf5d2db82f2b50204464314cc3c91c1d953652f7bd01d9e52aefdf
  category: main
  optional: false
- name: tzdata
  version: 2024b
  manager: conda
  platform: linux-aarch64
  dependencies: {}
  url: https://conda.anaconda.org/conda-forge/noarch/tzdata-2024b-hc8b5060_0.conda
  hash:
    md5: 8ac3367aafb1cc0a068483c580af8015
    sha256: 4fde5c3008bf5d2db82f2b50204464314cc3c91c1d953652f7bd01d9e52aefdf
  category: main
  optional: false
- name: tzdata
  version: 2024b
  manager: conda
  platform: osx-64
  dependencies: {}
  url: https://conda.anaconda.org/conda-forge/noarch/tzdata-2024b-hc8b5060_0.conda
  hash:
    md5: 8ac3367aafb1cc0a068483c580af8015
    sha256: 4fde5c3008bf5d2db82f2b50204464314cc3c91c1d953652f7bd01d9e52aefdf
  category: main
  optional: false
- name: tzdata
  version: 2024b
  manager: conda
  platform: osx-arm64
  dependencies: {}
  url: https://conda.anaconda.org/conda-forge/noarch/tzdata-2024b-hc8b5060_0.conda
  hash:
    md5: 8ac3367aafb1cc0a068483c580af8015
    sha256: 4fde5c3008bf5d2db82f2b50204464314cc3c91c1d953652f7bd01d9e52aefdf
  category: main
  optional: false
- name: tzdata
  version: 2024b
  manager: conda
  platform: win-64
  dependencies: {}
  url: https://conda.anaconda.org/conda-forge/noarch/tzdata-2024b-hc8b5060_0.conda
  hash:
    md5: 8ac3367aafb1cc0a068483c580af8015
    sha256: 4fde5c3008bf5d2db82f2b50204464314cc3c91c1d953652f7bd01d9e52aefdf
  category: main
  optional: false
- name: ucrt
  version: 10.0.22621.0
  manager: conda
  platform: win-64
  dependencies: {}
  url: https://conda.anaconda.org/conda-forge/win-64/ucrt-10.0.22621.0-h57928b3_1.conda
  hash:
    md5: 6797b005cd0f439c4c5c9ac565783700
    sha256: db8dead3dd30fb1a032737554ce91e2819b43496a0db09927edf01c32b577450
  category: main
  optional: false
- name: vc
  version: '14.3'
  manager: conda
  platform: win-64
  dependencies:
    vc14_runtime: '>=14.38.33135'
  url: https://conda.anaconda.org/conda-forge/win-64/vc-14.3-ha32ba9b_23.conda
  hash:
    md5: 7c10ec3158d1eb4ddff7007c9101adb0
    sha256: 986ddaf8feec2904eac9535a7ddb7acda1a1dfb9482088fdb8129f1595181663
  category: main
  optional: false
- name: vc14_runtime
  version: 14.42.34433
  manager: conda
  platform: win-64
  dependencies:
    ucrt: '>=10.0.20348.0'
  url: https://conda.anaconda.org/conda-forge/win-64/vc14_runtime-14.42.34433-he29a5d6_23.conda
  hash:
    md5: 32b37d0cfa80da34548501cdc913a832
    sha256: c483b090c4251a260aba6ff3e83a307bcfb5fb24ad7ced872ab5d02971bd3a49
  category: main
  optional: false
- name: vs2015_runtime
  version: 14.42.34433
  manager: conda
  platform: win-64
  dependencies:
    vc14_runtime: '>=14.42.34433'
  url: https://conda.anaconda.org/conda-forge/win-64/vs2015_runtime-14.42.34433-hdffcdeb_23.conda
  hash:
    md5: 5c176975ca2b8366abad3c97b3cd1e83
    sha256: 568ce8151eaae256f1cef752fc78651ad7a86ff05153cc7a4740b52ae6536118
  category: main
  optional: false
- name: wheel
  version: 0.45.1
  manager: conda
  platform: linux-64
  dependencies:
    python: '>=3.9'
  url: https://conda.anaconda.org/conda-forge/noarch/wheel-0.45.1-pyhd8ed1ab_1.conda
  hash:
    md5: 75cb7132eb58d97896e173ef12ac9986
    sha256: 1b34021e815ff89a4d902d879c3bd2040bc1bd6169b32e9427497fa05c55f1ce
  category: main
  optional: false
- name: wheel
  version: 0.45.1
  manager: conda
  platform: linux-aarch64
  dependencies:
    python: '>=3.9'
  url: https://conda.anaconda.org/conda-forge/noarch/wheel-0.45.1-pyhd8ed1ab_1.conda
  hash:
    md5: 75cb7132eb58d97896e173ef12ac9986
    sha256: 1b34021e815ff89a4d902d879c3bd2040bc1bd6169b32e9427497fa05c55f1ce
  category: main
  optional: false
- name: wheel
  version: 0.45.1
  manager: conda
  platform: osx-64
  dependencies:
    python: '>=3.9'
  url: https://conda.anaconda.org/conda-forge/noarch/wheel-0.45.1-pyhd8ed1ab_1.conda
  hash:
    md5: 75cb7132eb58d97896e173ef12ac9986
    sha256: 1b34021e815ff89a4d902d879c3bd2040bc1bd6169b32e9427497fa05c55f1ce
  category: main
  optional: false
- name: wheel
  version: 0.45.1
  manager: conda
  platform: osx-arm64
  dependencies:
    python: '>=3.9'
  url: https://conda.anaconda.org/conda-forge/noarch/wheel-0.45.1-pyhd8ed1ab_1.conda
  hash:
    md5: 75cb7132eb58d97896e173ef12ac9986
    sha256: 1b34021e815ff89a4d902d879c3bd2040bc1bd6169b32e9427497fa05c55f1ce
  category: main
  optional: false
- name: wheel
  version: 0.45.1
  manager: conda
  platform: win-64
  dependencies:
    python: '>=3.9'
  url: https://conda.anaconda.org/conda-forge/noarch/wheel-0.45.1-pyhd8ed1ab_1.conda
  hash:
    md5: 75cb7132eb58d97896e173ef12ac9986
    sha256: 1b34021e815ff89a4d902d879c3bd2040bc1bd6169b32e9427497fa05c55f1ce
  category: main
  optional: false
